
Microsoft Visual Studio Solution File, Format Version 12.00
# Visual Studio Version 17
VisualStudioVersion = 17.4.33122.133
MinimumVisualStudioVersion = 10.0.40219.1
Project("{9A19103F-16F7-4668-BE54-9A1E7A4F7556}") = "Sundew.Testing", "Sundew.Testing\Sundew.Testing.csproj", "{3E545D95-FF26-41B6-8BC8-C061108F9133}"
EndProject
Project("{FAE04EC0-301F-11D3-BF4B-00C04F79EFBC}") = "Sundew.Testing.CodeAnalysis", "Sundew.Testing.CodeAnalysis\Sundew.Testing.CodeAnalysis.csproj", "{A7D77572-9A50-4C63-B985-CF8DDCA4D139}"
EndProject
Project("{FAE04EC0-301F-11D3-BF4B-00C04F79EFBC}") = "Sundew.Testing.BenchmarkDotNet", "Sundew.Testing.BenchmarkDotNet\Sundew.Testing.BenchmarkDotNet.csproj", "{1462E100-C4EB-4418-8B95-ADC9D8068529}"
EndProject
Project("{2150E333-8FDC-42A3-9474-1A3956D46DE8}") = "Solution Items", "Solution Items", "{876603EC-1D53-4A06-AFA2-BE05629C4809}"
	ProjectSection(SolutionItems) = preProject
		..\Directory.Build.props = ..\Directory.Build.props
		..\Directory.Build.targets = ..\Directory.Build.targets
		..\.github\workflows\dotnet.yml = ..\.github\workflows\dotnet.yml
		..\README.md = ..\README.md
	EndProjectSection
EndProject
Project("{FAE04EC0-301F-11D3-BF4B-00C04F79EFBC}") = "Sundew.Testing.Performance", "Sundew.Testing.Performance\Sundew.Testing.Performance.csproj", "{8EAE41D4-214E-446E-BB78-6A7E67BB0B8F}"
EndProject
Global
	GlobalSection(SolutionConfigurationPlatforms) = preSolution
		Debug|Any CPU = Debug|Any CPU
		Debug-Publish|Any CPU = Debug-Publish|Any CPU
		Release|Any CPU = Release|Any CPU
		Release-Publish|Any CPU = Release-Publish|Any CPU
		Release-Stable|Any CPU = Release-Stable|Any CPU
	EndGlobalSection
	GlobalSection(ProjectConfigurationPlatforms) = postSolution
		{3E545D95-FF26-41B6-8BC8-C061108F9133}.Debug|Any CPU.ActiveCfg = Debug|Any CPU
		{3E545D95-FF26-41B6-8BC8-C061108F9133}.Debug|Any CPU.Build.0 = Debug|Any CPU
		{3E545D95-FF26-41B6-8BC8-C061108F9133}.Debug-Publish|Any CPU.ActiveCfg = Debug|Any CPU
		{3E545D95-FF26-41B6-8BC8-C061108F9133}.Debug-Publish|Any CPU.Build.0 = Debug|Any CPU
		{3E545D95-FF26-41B6-8BC8-C061108F9133}.Release|Any CPU.ActiveCfg = Release|Any CPU
		{3E545D95-FF26-41B6-8BC8-C061108F9133}.Release|Any CPU.Build.0 = Release|Any CPU
		{3E545D95-FF26-41B6-8BC8-C061108F9133}.Release-Publish|Any CPU.ActiveCfg = Release|Any CPU
		{3E545D95-FF26-41B6-8BC8-C061108F9133}.Release-Publish|Any CPU.Build.0 = Release|Any CPU
		{3E545D95-FF26-41B6-8BC8-C061108F9133}.Release-Stable|Any CPU.ActiveCfg = Release|Any CPU
		{3E545D95-FF26-41B6-8BC8-C061108F9133}.Release-Stable|Any CPU.Build.0 = Release|Any CPU
		{A7D77572-9A50-4C63-B985-CF8DDCA4D139}.Debug|Any CPU.ActiveCfg = Debug|Any CPU
		{A7D77572-9A50-4C63-B985-CF8DDCA4D139}.Debug|Any CPU.Build.0 = Debug|Any CPU
		{A7D77572-9A50-4C63-B985-CF8DDCA4D139}.Debug-Publish|Any CPU.ActiveCfg = Debug|Any CPU
		{A7D77572-9A50-4C63-B985-CF8DDCA4D139}.Debug-Publish|Any CPU.Build.0 = Debug|Any CPU
		{A7D77572-9A50-4C63-B985-CF8DDCA4D139}.Release|Any CPU.ActiveCfg = Release|Any CPU
		{A7D77572-9A50-4C63-B985-CF8DDCA4D139}.Release|Any CPU.Build.0 = Release|Any CPU
		{A7D77572-9A50-4C63-B985-CF8DDCA4D139}.Release-Publish|Any CPU.ActiveCfg = Release|Any CPU
		{A7D77572-9A50-4C63-B985-CF8DDCA4D139}.Release-Publish|Any CPU.Build.0 = Release|Any CPU
		{A7D77572-9A50-4C63-B985-CF8DDCA4D139}.Release-Stable|Any CPU.ActiveCfg = Release|Any CPU
		{A7D77572-9A50-4C63-B985-CF8DDCA4D139}.Release-Stable|Any CPU.Build.0 = Release|Any CPU
		{1462E100-C4EB-4418-8B95-ADC9D8068529}.Debug|Any CPU.ActiveCfg = Debug|Any CPU
		{1462E100-C4EB-4418-8B95-ADC9D8068529}.Debug|Any CPU.Build.0 = Debug|Any CPU
		{1462E100-C4EB-4418-8B95-ADC9D8068529}.Debug-Publish|Any CPU.ActiveCfg = Debug|Any CPU
		{1462E100-C4EB-4418-8B95-ADC9D8068529}.Debug-Publish|Any CPU.Build.0 = Debug|Any CPU
		{1462E100-C4EB-4418-8B95-ADC9D8068529}.Release|Any CPU.ActiveCfg = Release|Any CPU
		{1462E100-C4EB-4418-8B95-ADC9D8068529}.Release|Any CPU.Build.0 = Release|Any CPU
		{1462E100-C4EB-4418-8B95-ADC9D8068529}.Release-Publish|Any CPU.ActiveCfg = Release|Any CPU
		{1462E100-C4EB-4418-8B95-ADC9D8068529}.Release-Publish|Any CPU.Build.0 = Release|Any CPU
		{1462E100-C4EB-4418-8B95-ADC9D8068529}.Release-Stable|Any CPU.ActiveCfg = Release|Any CPU
		{1462E100-C4EB-4418-8B95-ADC9D8068529}.Release-Stable|Any CPU.Build.0 = Release|Any CPU
		{8EAE41D4-214E-446E-BB78-6A7E67BB0B8F}.Debug|Any CPU.ActiveCfg = Debug|Any CPU
		{8EAE41D4-214E-446E-BB78-6A7E67BB0B8F}.Debug|Any CPU.Build.0 = Debug|Any CPU
		{8EAE41D4-214E-446E-BB78-6A7E67BB0B8F}.Debug-Publish|Any CPU.ActiveCfg = Debug-Publish|Any CPU
		{8EAE41D4-214E-446E-BB78-6A7E67BB0B8F}.Debug-Publish|Any CPU.Build.0 = Debug-Publish|Any CPU
		{8EAE41D4-214E-446E-BB78-6A7E67BB0B8F}.Release|Any CPU.ActiveCfg = Release|Any CPU
		{8EAE41D4-214E-446E-BB78-6A7E67BB0B8F}.Release|Any CPU.Build.0 = Release|Any CPU
		{8EAE41D4-214E-446E-BB78-6A7E67BB0B8F}.Release-Publish|Any CPU.ActiveCfg = Release-Publish|Any CPU
		{8EAE41D4-214E-446E-BB78-6A7E67BB0B8F}.Release-Publish|Any CPU.Build.0 = Release-Publish|Any CPU
		{8EAE41D4-214E-446E-BB78-6A7E67BB0B8F}.Release-Stable|Any CPU.ActiveCfg = Release-Stable|Any CPU
		{8EAE41D4-214E-446E-BB78-6A7E67BB0B8F}.Release-Stable|Any CPU.Build.0 = Release-Stable|Any CPU
	EndGlobalSection
	GlobalSection(SolutionProperties) = preSolution
		HideSolutionNode = FALSE
	EndGlobalSection
	GlobalSection(ExtensibilityGlobals) = postSolution
		SolutionGuid = {80047784-E2E1-4110-9F58-A7699A7DEF17}
	EndGlobalSection
EndGlobal
